
Microsoft Visual Studio Solution File, Format Version 12.00
# Visual Studio Version 17
VisualStudioVersion = 17.14.36414.22 d17.14
MinimumVisualStudioVersion = 10.0.40219.1
Project("{FAE04EC0-301F-11D3-BF4B-00C04F79EFBC}") = "Rohan_Phadtare_Dotnet Assignment 19", "Rohan_Phadtare_Dotnet Assignment 19\Rohan_Phadtare_Dotnet Assignment 19.csproj", "{BEC6E8F8-FA9A-4A68-BB3D-7E4AA41A305C}"
EndProject
Global
	GlobalSection(SolutionConfigurationPlatforms) = preSolution
		Debug|Any CPU = Debug|Any CPU
		Release|Any CPU = Release|Any CPU
	EndGlobalSection
	GlobalSection(ProjectConfigurationPlatforms) = postSolution
		{BEC6E8F8-FA9A-4A68-BB3D-7E4AA41A305C}.Debug|Any CPU.ActiveCfg = Debug|Any CPU
		{BEC6E8F8-FA9A-4A68-BB3D-7E4AA41A305C}.Debug|Any CPU.Build.0 = Debug|Any CPU
		{BEC6E8F8-FA9A-4A68-BB3D-7E4AA41A305C}.Release|Any CPU.ActiveCfg = Release|Any CPU
		{BEC6E8F8-FA9A-4A68-BB3D-7E4AA41A305C}.Release|Any CPU.Build.0 = Release|Any CPU
	EndGlobalSection
	GlobalSection(SolutionProperties) = preSolution
		HideSolutionNode = FALSE
	EndGlobalSection
	GlobalSection(ExtensibilityGlobals) = postSolution
		SolutionGuid = {D1F84B8D-4E0D-44D2-B149-68DF3792F2D2}
	EndGlobalSection
EndGlobal
